
Microsoft Visual Studio Solution File, Format Version 12.00
Project("{FAE04EC0-301F-11D3-BF4B-00C04F79EFBC}") = "WebSmsNet", "src\WebSmsNet\WebSmsNet.csproj", "{86EDCC79-307B-42F4-A6D9-17487ECC4726}"
EndProject
Project("{2150E333-8FDC-42A3-9474-1A3956D46DE8}") = "Repository", "Repository", "{5480A68D-0F4B-43C0-B9FD-176E6AAEE925}"
	ProjectSection(SolutionItems) = preProject
		LICENSE = LICENSE
		README.md = README.md
		.gitignore = .gitignore
	EndProjectSection
EndProject
Project("{FAE04EC0-301F-11D3-BF4B-00C04F79EFBC}") = "WebSmsNet.Abstractions", "src\WebSmsNet.Abstractions\WebSmsNet.Abstractions.csproj", "{39EDAA35-1EE1-4E33-95C8-676F3B3B4C5E}"
EndProject
Project("{FAE04EC0-301F-11D3-BF4B-00C04F79EFBC}") = "WebSmsNet.AspNetCore", "src\WebSmsNet.AspNetCore\WebSmsNet.AspNetCore.csproj", "{2B1C0523-B085-4467-8B4D-1B29E7FE2961}"
EndProject
Project("{2150E333-8FDC-42A3-9474-1A3956D46DE8}") = "tests", "tests", "{0AB3BF05-4346-4AA6-1389-037BE0695223}"
EndProject
Project("{FAE04EC0-301F-11D3-BF4B-00C04F79EFBC}") = "WebSmsNet.UnitTests", "tests\WebSmsNet.UnitTests\WebSmsNet.UnitTests.csproj", "{D72FC495-E1BD-4BF9-807B-8E267886B7C5}"
EndProject
Project("{2150E333-8FDC-42A3-9474-1A3956D46DE8}") = "src", "src", "{827E0CD3-B72D-47B6-A68D-7590B98EB39B}"
EndProject
Project("{FAE04EC0-301F-11D3-BF4B-00C04F79EFBC}") = "WebSmsNet.IntegrationTests", "tests\WebSmsNet.IntegrationTests\WebSmsNet.IntegrationTests.csproj", "{614E957E-1B28-4116-85B2-0D51F777A621}"
EndProject
Project("{FAE04EC0-301F-11D3-BF4B-00C04F79EFBC}") = "WebSmsNet.E2eTests", "tests\WebSmsNet.E2eTests\WebSmsNet.E2eTests.csproj", "{A37654B2-98ED-4C40-B829-FE1084E09012}"
EndProject
Global
	GlobalSection(SolutionConfigurationPlatforms) = preSolution
		Debug|Any CPU = Debug|Any CPU
		Debug|x64 = Debug|x64
		Debug|x86 = Debug|x86
		Release|Any CPU = Release|Any CPU
		Release|x64 = Release|x64
		Release|x86 = Release|x86
	EndGlobalSection
	GlobalSection(ProjectConfigurationPlatforms) = postSolution
		{86EDCC79-307B-42F4-A6D9-17487ECC4726}.Debug|Any CPU.ActiveCfg = Debug|Any CPU
		{86EDCC79-307B-42F4-A6D9-17487ECC4726}.Debug|Any CPU.Build.0 = Debug|Any CPU
		{86EDCC79-307B-42F4-A6D9-17487ECC4726}.Debug|x64.ActiveCfg = Debug|Any CPU
		{86EDCC79-307B-42F4-A6D9-17487ECC4726}.Debug|x64.Build.0 = Debug|Any CPU
		{86EDCC79-307B-42F4-A6D9-17487ECC4726}.Debug|x86.ActiveCfg = Debug|Any CPU
		{86EDCC79-307B-42F4-A6D9-17487ECC4726}.Debug|x86.Build.0 = Debug|Any CPU
		{86EDCC79-307B-42F4-A6D9-17487ECC4726}.Release|Any CPU.ActiveCfg = Release|Any CPU
		{86EDCC79-307B-42F4-A6D9-17487ECC4726}.Release|Any CPU.Build.0 = Release|Any CPU
		{86EDCC79-307B-42F4-A6D9-17487ECC4726}.Release|x64.ActiveCfg = Release|Any CPU
		{86EDCC79-307B-42F4-A6D9-17487ECC4726}.Release|x64.Build.0 = Release|Any CPU
		{86EDCC79-307B-42F4-A6D9-17487ECC4726}.Release|x86.ActiveCfg = Release|Any CPU
		{86EDCC79-307B-42F4-A6D9-17487ECC4726}.Release|x86.Build.0 = Release|Any CPU
		{39EDAA35-1EE1-4E33-95C8-676F3B3B4C5E}.Debug|Any CPU.ActiveCfg = Debug|Any CPU
		{39EDAA35-1EE1-4E33-95C8-676F3B3B4C5E}.Debug|Any CPU.Build.0 = Debug|Any CPU
		{39EDAA35-1EE1-4E33-95C8-676F3B3B4C5E}.Debug|x64.ActiveCfg = Debug|Any CPU
		{39EDAA35-1EE1-4E33-95C8-676F3B3B4C5E}.Debug|x64.Build.0 = Debug|Any CPU
		{39EDAA35-1EE1-4E33-95C8-676F3B3B4C5E}.Debug|x86.ActiveCfg = Debug|Any CPU
		{39EDAA35-1EE1-4E33-95C8-676F3B3B4C5E}.Debug|x86.Build.0 = Debug|Any CPU
		{39EDAA35-1EE1-4E33-95C8-676F3B3B4C5E}.Release|Any CPU.ActiveCfg = Release|Any CPU
		{39EDAA35-1EE1-4E33-95C8-676F3B3B4C5E}.Release|Any CPU.Build.0 = Release|Any CPU
		{39EDAA35-1EE1-4E33-95C8-676F3B3B4C5E}.Release|x64.ActiveCfg = Release|Any CPU
		{39EDAA35-1EE1-4E33-95C8-676F3B3B4C5E}.Release|x64.Build.0 = Release|Any CPU
		{39EDAA35-1EE1-4E33-95C8-676F3B3B4C5E}.Release|x86.ActiveCfg = Release|Any CPU
		{39EDAA35-1EE1-4E33-95C8-676F3B3B4C5E}.Release|x86.Build.0 = Release|Any CPU
		{2B1C0523-B085-4467-8B4D-1B29E7FE2961}.Debug|Any CPU.ActiveCfg = Debug|Any CPU
		{2B1C0523-B085-4467-8B4D-1B29E7FE2961}.Debug|Any CPU.Build.0 = Debug|Any CPU
		{2B1C0523-B085-4467-8B4D-1B29E7FE2961}.Debug|x64.ActiveCfg = Debug|Any CPU
		{2B1C0523-B085-4467-8B4D-1B29E7FE2961}.Debug|x64.Build.0 = Debug|Any CPU
		{2B1C0523-B085-4467-8B4D-1B29E7FE2961}.Debug|x86.ActiveCfg = Debug|Any CPU
		{2B1C0523-B085-4467-8B4D-1B29E7FE2961}.Debug|x86.Build.0 = Debug|Any CPU
		{2B1C0523-B085-4467-8B4D-1B29E7FE2961}.Release|Any CPU.ActiveCfg = Release|Any CPU
		{2B1C0523-B085-4467-8B4D-1B29E7FE2961}.Release|Any CPU.Build.0 = Release|Any CPU
		{2B1C0523-B085-4467-8B4D-1B29E7FE2961}.Release|x64.ActiveCfg = Release|Any CPU
		{2B1C0523-B085-4467-8B4D-1B29E7FE2961}.Release|x64.Build.0 = Release|Any CPU
		{2B1C0523-B085-4467-8B4D-1B29E7FE2961}.Release|x86.ActiveCfg = Release|Any CPU
		{2B1C0523-B085-4467-8B4D-1B29E7FE2961}.Release|x86.Build.0 = Release|Any CPU
		{D72FC495-E1BD-4BF9-807B-8E267886B7C5}.Debug|Any CPU.ActiveCfg = Debug|Any CPU
		{D72FC495-E1BD-4BF9-807B-8E267886B7C5}.Debug|Any CPU.Build.0 = Debug|Any CPU
		{D72FC495-E1BD-4BF9-807B-8E267886B7C5}.Debug|x64.ActiveCfg = Debug|Any CPU
		{D72FC495-E1BD-4BF9-807B-8E267886B7C5}.Debug|x64.Build.0 = Debug|Any CPU
		{D72FC495-E1BD-4BF9-807B-8E267886B7C5}.Debug|x86.ActiveCfg = Debug|Any CPU
		{D72FC495-E1BD-4BF9-807B-8E267886B7C5}.Debug|x86.Build.0 = Debug|Any CPU
		{D72FC495-E1BD-4BF9-807B-8E267886B7C5}.Release|Any CPU.ActiveCfg = Release|Any CPU
		{D72FC495-E1BD-4BF9-807B-8E267886B7C5}.Release|Any CPU.Build.0 = Release|Any CPU
		{D72FC495-E1BD-4BF9-807B-8E267886B7C5}.Release|x64.ActiveCfg = Release|Any CPU
		{D72FC495-E1BD-4BF9-807B-8E267886B7C5}.Release|x64.Build.0 = Release|Any CPU
		{D72FC495-E1BD-4BF9-807B-8E267886B7C5}.Release|x86.ActiveCfg = Release|Any CPU
		{D72FC495-E1BD-4BF9-807B-8E267886B7C5}.Release|x86.Build.0 = Release|Any CPU
		{614E957E-1B28-4116-85B2-0D51F777A621}.Debug|Any CPU.ActiveCfg = Debug|Any CPU
		{614E957E-1B28-4116-85B2-0D51F777A621}.Debug|Any CPU.Build.0 = Debug|Any CPU
		{614E957E-1B28-4116-85B2-0D51F777A621}.Debug|x64.ActiveCfg = Debug|Any CPU
		{614E957E-1B28-4116-85B2-0D51F777A621}.Debug|x64.Build.0 = Debug|Any CPU
		{614E957E-1B28-4116-85B2-0D51F777A621}.Debug|x86.ActiveCfg = Debug|Any CPU
		{614E957E-1B28-4116-85B2-0D51F777A621}.Debug|x86.Build.0 = Debug|Any CPU
		{614E957E-1B28-4116-85B2-0D51F777A621}.Release|Any CPU.ActiveCfg = Release|Any CPU
		{614E957E-1B28-4116-85B2-0D51F777A621}.Release|Any CPU.Build.0 = Release|Any CPU
		{614E957E-1B28-4116-85B2-0D51F777A621}.Release|x64.ActiveCfg = Release|Any CPU
		{614E957E-1B28-4116-85B2-0D51F777A621}.Release|x64.Build.0 = Release|Any CPU
		{614E957E-1B28-4116-85B2-0D51F777A621}.Release|x86.ActiveCfg = Release|Any CPU
		{614E957E-1B28-4116-85B2-0D51F777A621}.Release|x86.Build.0 = Release|Any CPU
		{A37654B2-98ED-4C40-B829-FE1084E09012}.Debug|Any CPU.ActiveCfg = Debug|Any CPU
		{A37654B2-98ED-4C40-B829-FE1084E09012}.Debug|Any CPU.Build.0 = Debug|Any CPU
		{A37654B2-98ED-4C40-B829-FE1084E09012}.Debug|x64.ActiveCfg = Debug|Any CPU
		{A37654B2-98ED-4C40-B829-FE1084E09012}.Debug|x64.Build.0 = Debug|Any CPU
		{A37654B2-98ED-4C40-B829-FE1084E09012}.Debug|x86.ActiveCfg = Debug|Any CPU
		{A37654B2-98ED-4C40-B829-FE1084E09012}.Debug|x86.Build.0 = Debug|Any CPU
		{A37654B2-98ED-4C40-B829-FE1084E09012}.Release|Any CPU.ActiveCfg = Release|Any CPU
		{A37654B2-98ED-4C40-B829-FE1084E09012}.Release|Any CPU.Build.0 = Release|Any CPU
		{A37654B2-98ED-4C40-B829-FE1084E09012}.Release|x64.ActiveCfg = Release|Any CPU
		{A37654B2-98ED-4C40-B829-FE1084E09012}.Release|x64.Build.0 = Release|Any CPU
		{A37654B2-98ED-4C40-B829-FE1084E09012}.Release|x86.ActiveCfg = Release|Any CPU
		{A37654B2-98ED-4C40-B829-FE1084E09012}.Release|x86.Build.0 = Release|Any CPU
	EndGlobalSection
	GlobalSection(SolutionProperties) = preSolution
		HideSolutionNode = FALSE
	EndGlobalSection
	GlobalSection(NestedProjects) = preSolution
		{D72FC495-E1BD-4BF9-807B-8E267886B7C5} = {0AB3BF05-4346-4AA6-1389-037BE0695223}
		{614E957E-1B28-4116-85B2-0D51F777A621} = {0AB3BF05-4346-4AA6-1389-037BE0695223}
		{A37654B2-98ED-4C40-B829-FE1084E09012} = {0AB3BF05-4346-4AA6-1389-037BE0695223}
	EndGlobalSection
EndGlobal
